
Microsoft Visual Studio Solution File, Format Version 12.00
# Visual Studio Version 17
VisualStudioVersion = 17.5.002.0
MinimumVisualStudioVersion = 10.0.40219.1
Project("{9A19103F-16F7-4668-BE54-9A1E7A4F7556}") = "Rm.API", "Rm.API.csproj", "{0067039A-A948-419F-804F-D0CB4E636263}"
EndProject
Global
	GlobalSection(SolutionConfigurationPlatforms) = preSolution
		Debug|Any CPU = Debug|Any CPU
		Release|Any CPU = Release|Any CPU
	EndGlobalSection
	GlobalSection(ProjectConfigurationPlatforms) = postSolution
		{0067039A-A948-419F-804F-D0CB4E636263}.Debug|Any CPU.ActiveCfg = Debug|Any CPU
		{0067039A-A948-419F-804F-D0CB4E636263}.Debug|Any CPU.Build.0 = Debug|Any CPU
		{0067039A-A948-419F-804F-D0CB4E636263}.Release|Any CPU.ActiveCfg = Release|Any CPU
		{0067039A-A948-419F-804F-D0CB4E636263}.Release|Any CPU.Build.0 = Release|Any CPU
	EndGlobalSection
	GlobalSection(SolutionProperties) = preSolution
		HideSolutionNode = FALSE
	EndGlobalSection
	GlobalSection(ExtensibilityGlobals) = postSolution
		SolutionGuid = {C5D87AF8-FDF6-4478-8988-6041ACB53464}
	EndGlobalSection
EndGlobal
